PODS:
  - Alamofire (4.9.1)
  - AlamofireObjectMapper (5.2.0):
    - Alamofire (~> 4.7)
    - ObjectMapper (~> 3.4)
  - Kingfisher (7.2.2)
  - ObjectMapper (3.5.3)
  - Reusable (4.1.2):
    - Reusable/Storyboard (= 4.1.2)
    - Reusable/View (= 4.1.2)
  - Reusable/Storyboard (4.1.2)
  - Reusable/View (4.1.2)
  - SwiftyJSON (4.3.0)

DEPENDENCIES:
  - Alamofire
  - AlamofireObjectMapper (= 5.2.0)
  - Kingfisher
  - Reusable
  - SwiftyJSON (~> 4.0)

SPEC REPOS:
  trunk:
    - Alamofire
    - AlamofireObjectMapper
    - Kingfisher
    - ObjectMapper
    - Reusable
    - SwiftyJSON

SPEC CHECKSUMS:
  Alamofire: 85e8a02c69d6020a0d734f6054870d7ecb75cf18
  AlamofireObjectMapper: 92b6ce2423a9d159e686f6a1d514a009bf903ddc
  Kingfisher: 184d4d1a8c36666e663caf8e08abe87898595c53
  ObjectMapper: 97111c97e054a6ee25917662106689f0b4127b37
  Reusable: 6bae6a5e8aa793c9c441db0213c863a64bce9136
  SwiftyJSON: 6faa0040f8b59dead0ee07436cbf76b73c08fd08

PODFILE CHECKSUM: 80e63805d5fc5f65f173ae29db4c9f6662348e18

COCOAPODS: 1.11.3
